
Microsoft Visual Studio Solution File, Format Version 12.00
# Visual Studio 14
VisualStudioVersion = 14.0.25420.1
MinimumVisualStudioVersion = 10.0.40219.1
Project("{8BC9CEB8-8B4A-11D0-8D11-00A0C91BC942}") = "TargetDemo", "TargetDemo\TargetDemo.vcxproj", "{0D762821-3B00-48D6-986B-146C9EE26A5D}"
EndProject
Project("{8BC9CEB8-8B4A-11D0-8D11-00A0C91BC942}") = "xmlparser", "xmlparser\xmlparser.vcxproj", "{D3492253-5D19-466F-8BC7-E50D8E6796D4}"
EndProject
Global
	GlobalSection(SolutionConfigurationPlatforms) = preSolution
		Debug|x64 = Debug|x64
		Debug|x86 = Debug|x86
		Release|x64 = Release|x64
		Release|x86 = Release|x86
	EndGlobalSection
	GlobalSection(ProjectConfigurationPlatforms) = postSolution
		{0D762821-3B00-48D6-986B-146C9EE26A5D}.Debug|x64.ActiveCfg = Debug|x64
		{0D762821-3B00-48D6-986B-146C9EE26A5D}.Debug|x64.Build.0 = Debug|x64
		{0D762821-3B00-48D6-986B-146C9EE26A5D}.Debug|x86.ActiveCfg = Debug|Win32
		{0D762821-3B00-48D6-986B-146C9EE26A5D}.Debug|x86.Build.0 = Debug|Win32
		{0D762821-3B00-48D6-986B-146C9EE26A5D}.Release|x64.ActiveCfg = Release|x64
		{0D762821-3B00-48D6-986B-146C9EE26A5D}.Release|x64.Build.0 = Release|x64
		{0D762821-3B00-48D6-986B-146C9EE26A5D}.Release|x86.ActiveCfg = Release|Win32
		{0D762821-3B00-48D6-986B-146C9EE26A5D}.Release|x86.Build.0 = Release|Win32
		{D3492253-5D19-466F-8BC7-E50D8E6796D4}.Debug|x64.ActiveCfg = Debug|x64
		{D3492253-5D19-466F-8BC7-E50D8E6796D4}.Debug|x64.Build.0 = Debug|x64
		{D3492253-5D19-466F-8BC7-E50D8E6796D4}.Debug|x86.ActiveCfg = Debug|Win32
		{D3492253-5D19-466F-8BC7-E50D8E6796D4}.Debug|x86.Build.0 = Debug|Win32
		{D3492253-5D19-466F-8BC7-E50D8E6796D4}.Release|x64.ActiveCfg = Release|x64
		{D3492253-5D19-466F-8BC7-E50D8E6796D4}.Release|x64.Build.0 = Release|x64
		{D3492253-5D19-466F-8BC7-E50D8E6796D4}.Release|x86.ActiveCfg = Release|Win32
		{D3492253-5D19-466F-8BC7-E50D8E6796D4}.Release|x86.Build.0 = Release|Win32
	EndGlobalSection
	GlobalSection(SolutionProperties) = preSolution
		HideSolutionNode = FALSE
	EndGlobalSection
EndGlobal
